<?xml version="1.0" encoding="UTF-8" standalone="yes" ?>
<CodeBlocks_project_file>
	<FileVersion major="1" minor="6" />
	<Project>
		<Option title="gstopengl" />
		<Option pch_mode="2" />
		<Option compiler="gcc" />
		<Build>
			<Target title="Debug">
				<Option output="bin\Debug\libgstopengl" prefix_auto="1" extension_auto="1" />
				<Option object_output="obj\Debug\" />
				<Option type="3" />
				<Option compiler="gcc" />
				<Option createDefFile="1" />
				<Option createStaticLib="1" />
				<Compiler>
					<Add option="-g" />
				</Compiler>
			</Target>
			<Target title="Release">
				<Option output="bin\Release\libgstopengl" prefix_auto="1" extension_auto="1" />
				<Option object_output="obj\Release\" />
				<Option type="3" />
				<Option compiler="gcc" />
				<Option createDefFile="1" />
				<Option createStaticLib="1" />
				<Compiler>
					<Add option="-O2" />
				</Compiler>
				<Linker>
					<Add option="-s" />
				</Linker>
			</Target>
		</Build>
		<Compiler>
			<Add option="-O3" />
			<Add option="-Wall" />
			<Add option="-DWIN32" />
			<Add option="-DHAVE_CONFIG_H" />
			<Add directory="..\..\..\..\gstreamer\include" />
			<Add directory="..\..\..\..\libiconv\include" />
			<Add directory="..\..\..\..\glib\include" />
			<Add directory="..\..\..\..\libxml2-2.6.30+.win32\include" />
			<Add directory="..\..\..\..\glew\include" />
			<Add directory="..\..\..\gst-libs\gst\freeglut" />
			<Add directory="..\..\..\gst-libs\gst\gl" />
			<Add directory="..\..\common" />
		</Compiler>
		<Linker>
			<Add library="..\..\..\..\glib\lib\glib-2.0.lib" />
			<Add library="..\..\..\..\glib\lib\gobject-2.0.lib" />
			<Add library="..\..\..\..\glib\lib\gmodule-2.0.lib" />
			<Add library="..\..\..\..\glib\lib\gthread-2.0.lib" />
			<Add library="..\..\..\..\gstreamer\lib\libgstreamer-0.10.lib" />
			<Add library="..\..\..\..\gstreamer\lib\libgstbase-0.10.lib" />
			<Add library="..\..\..\..\gstreamer\lib\libgstvideo-0.10.lib" />
			<Add library="..\..\..\..\gstreamer\lib\libgstinterfaces-0.10.lib" />
			<Add library="..\..\..\..\glew\lib\glew32.lib" />
			<Add library="C:\mingw-3.4.5\lib\libglu32.a" />
			<Add library="C:\mingw-3.4.5\lib\libopengl32.a" />
			<Add library="C:\mingw-3.4.5\lib\libgdi32.a" />
			<Add library="C:\mingw-3.4.5\lib\libwinmm.a" />
			<Add library="..\..\..\..\glew\bin\glew32.dll" />
			<Add library="..\..\..\..\gstreamer\bin\bin\libgstreamer-0.10.dll" />
		</Linker>
		<Unit filename="..\..\..\gst-libs\gst\freeglut\freeglut_callbacks.c">
			<Option compilerVar="CC" />
		</Unit>
		<Unit filename="..\..\..\gst-libs\gst\freeglut\freeglut_display.c">
			<Option compilerVar="CC" />
		</Unit>
		<Unit filename="..\..\..\gst-libs\gst\freeglut\freeglut_ext.h" />
		<Unit filename="..\..\..\gst-libs\gst\freeglut\freeglut_init.c">
			<Option compilerVar="CC" />
		</Unit>
		<Unit filename="..\..\..\gst-libs\gst\freeglut\freeglut_internal.h" />
		<Unit filename="..\..\..\gst-libs\gst\freeglut\freeglut_main.c">
			<Option compilerVar="CC" />
		</Unit>
		<Unit filename="..\..\..\gst-libs\gst\freeglut\freeglut_state.c">
			<Option compilerVar="CC" />
		</Unit>
		<Unit filename="..\..\..\gst-libs\gst\freeglut\freeglut_std.h" />
		<Unit filename="..\..\..\gst-libs\gst\freeglut\freeglut_structure.c">
			<Option compilerVar="CC" />
		</Unit>
		<Unit filename="..\..\..\gst-libs\gst\freeglut\freeglut_window.c">
			<Option compilerVar="CC" />
		</Unit>
		<Unit filename="..\..\..\gst-libs\gst\freeglut\gstfreeglut.h" />
		<Unit filename="..\..\..\gst-libs\gst\gl\gstglbuffer.c">
			<Option compilerVar="CC" />
		</Unit>
		<Unit filename="..\..\..\gst-libs\gst\gl\gstglbuffer.h" />
		<Unit filename="..\..\..\gst-libs\gst\gl\gstgldisplay.c">
			<Option compilerVar="CC" />
		</Unit>
		<Unit filename="..\..\..\gst-libs\gst\gl\gstgldisplay.h" />
		<Unit filename="..\..\..\gst\gl\gstglgraphicmaker.c">
			<Option compilerVar="CC" />
		</Unit>
		<Unit filename="..\..\..\gst\gl\gstglgraphicmaker.h" />
		<Unit filename="..\..\..\gst\gl\gstglimagesink.c">
			<Option compilerVar="CC" />
		</Unit>
		<Unit filename="..\..\..\gst\gl\gstglimagesink.h" />
		<Unit filename="..\..\..\gst\gl\gstglvideomaker.c">
			<Option compilerVar="CC" />
		</Unit>
		<Unit filename="..\..\..\gst\gl\gstglvideomaker.h" />
		<Unit filename="..\..\..\gst\gl\gstopengl.c">
			<Option compilerVar="CC" />
		</Unit>
		<Extensions>
			<code_completion />
			<debugger />
		</Extensions>
	</Project>
</CodeBlocks_project_file>
