
Microsoft Visual Studio Solution File, Format Version 10.00
# Visual Studio 2008
Project("{8BC9CEB8-8B4A-11D0-8D11-00A0C91BC942}") = "libgstopengl", "libgstopengl.vcproj", "{F4E2D883-31DB-48B7-BEE9-0D9FDBBC805F}"
EndProject
Global
	GlobalSection(SolutionConfigurationPlatforms) = preSolution
		Debug|Win32 = Debug|Win32
		Release|Win32 = Release|Win32
	EndGlobalSection
	GlobalSection(ProjectConfigurationPlatforms) = postSolution
		{F4E2D883-31DB-48B7-BEE9-0D9FDBBC805F}.Debug|Win32.ActiveCfg = Debug|Win32
		{F4E2D883-31DB-48B7-BEE9-0D9FDBBC805F}.Debug|Win32.Build.0 = Debug|Win32
		{F4E2D883-31DB-48B7-BEE9-0D9FDBBC805F}.Release|Win32.ActiveCfg = Release|Win32
		{F4E2D883-31DB-48B7-BEE9-0D9FDBBC805F}.Release|Win32.Build.0 = Release|Win32
	EndGlobalSection
	GlobalSection(SolutionProperties) = preSolution
		HideSolutionNode = FALSE
	EndGlobalSection
EndGlobal
