<?xml version="1.0" encoding="UTF-8" standalone="yes" ?>
<CodeBlocks_project_file>
	<FileVersion major="1" minor="6" />
	<Project>
		<Option title="gstopengl" />
		<Option pch_mode="2" />
		<Option compiler="gcc" />
		<Build>
			<Target title="Debug">
				<Option output="Debug\libgstopengl.dll" prefix_auto="1" extension_auto="0" />
				<Option object_output="obj\Debug\" />
				<Option type="3" />
				<Option compiler="gcc" />
				<Option createDefFile="1" />
				<Option createStaticLib="1" />
				<Compiler>
					<Add option="-g" />
				</Compiler>
				<ExtraCommands>
					<Add after="copy /Y Debug\libgstopengl.dll C:\gstreamer\lib\gstreamer-0.10" />
					<Mode after="always" />
				</ExtraCommands>
			</Target>
			<Target title="Release">
				<Option output="Release\libgstopengl.dll" prefix_auto="1" extension_auto="0" />
				<Option object_output="obj\Release\" />
				<Option type="3" />
				<Option compiler="gcc" />
				<Option createDefFile="1" />
				<Option createStaticLib="1" />
				<Compiler>
					<Add option="-O2" />
				</Compiler>
				<Linker>
					<Add option="-s" />
				</Linker>
				<ExtraCommands>
					<Add after="copy /Y Release\libgstopengl.dll C:\gstreamer\lib\gstreamer-0.10" />
					<Mode after="always" />
				</ExtraCommands>
			</Target>
		</Build>
		<Compiler>
			<Add option="-O3" />
			<Add option="-Wall" />
			<Add option="-DWIN32" />
			<Add option="-DHAVE_CONFIG_H" />
			<Add option="-DHAVE_LIBPNG" />
			<Add directory="..\..\..\gstreamer\include" />
			<Add directory="..\..\..\glib\include\glib-2.0" />
			<Add directory="..\..\..\glib\lib\glib-2.0\include" />
			<Add directory="..\..\..\glew\include" />
			<Add directory="..\..\..\zlib\include" />
			<Add directory="..\..\..\png\include" />
			<Add directory="..\common" />
			<Add directory="..\..\gst-libs" />
			<Add directory="..\..\gst-libs\gst\gl" />
			<Add directory="..\..\gst\gl" />
			<Add directory="..\..\gst\gl\effects" />
		</Compiler>
		<Linker>
			<Add library="glib-2.0" />
			<Add library="gobject-2.0" />
			<Add library="gmodule-2.0" />
			<Add library="gthread-2.0" />
			<Add library="gstreamer-0.10" />
			<Add library="gstbase-0.10" />
			<Add library="gstvideo-0.10" />
			<Add library="gstinterfaces-0.10" />
			<Add library="glew32" />
			<Add library="glu32" />
			<Add library="opengl32" />
			<Add library="gdi32" />
			<Add library="png" />
			<Add library="z" />
			<Add library="winmm" />
			<Add directory="..\..\..\glib\lib" />
			<Add directory="C:\gstreamer\bin" />
			<Add directory="..\..\..\glew\bin" />
			<Add directory="..\..\..\png\lib" />
			<Add directory="..\..\..\zlib\lib" />
		</Linker>
		<Unit filename="..\..\gst-libs\gst\gettext.h" />
		<Unit filename="..\..\gst-libs\gst\gl\gstglbuffer.c">
			<Option compilerVar="CC" />
		</Unit>
		<Unit filename="..\..\gst-libs\gst\gl\gstglbuffer.h" />
		<Unit filename="..\..\gst-libs\gst\gl\gstgldisplay.c">
			<Option compilerVar="CC" />
		</Unit>
		<Unit filename="..\..\gst-libs\gst\gl\gstgldisplay.h" />
		<Unit filename="..\..\gst-libs\gst\gl\gstglfilter.c">
			<Option compilerVar="CC" />
		</Unit>
		<Unit filename="..\..\gst-libs\gst\gl\gstglfilter.h" />
		<Unit filename="..\..\gst-libs\gst\gl\gstglshader.c">
			<Option compilerVar="CC" />
		</Unit>
		<Unit filename="..\..\gst-libs\gst\gl\gstglshader.h" />
		<Unit filename="..\..\gst-libs\gst\gl\gstglwindow.h" />
		<Unit filename="..\..\gst-libs\gst\gl\gstglwindow_win32.c">
			<Option compilerVar="CC" />
		</Unit>
		<Unit filename="..\..\gst-libs\gst\gst-i18n-plugin.h" />
		<Unit filename="..\..\gst\gl\effects\gstgleffectbulge.c">
			<Option compilerVar="CC" />
		</Unit>
		<Unit filename="..\..\gst\gl\effects\gstgleffectfisheye.c">
			<Option compilerVar="CC" />
		</Unit>
		<Unit filename="..\..\gst\gl\effects\gstgleffectglow.c">
			<Option compilerVar="CC" />
		</Unit>
		<Unit filename="..\..\gst\gl\effects\gstgleffectidentity.c">
			<Option compilerVar="CC" />
		</Unit>
		<Unit filename="..\..\gst\gl\effects\gstgleffectlumatocurve.c">
			<Option compilerVar="CC" />
		</Unit>
		<Unit filename="..\..\gst\gl\effects\gstgleffectlumatocurve.h" />
		<Unit filename="..\..\gst\gl\effects\gstgleffectmirror.c">
			<Option compilerVar="CC" />
		</Unit>
		<Unit filename="..\..\gst\gl\effects\gstgleffectrgbtocurve.c">
			<Option compilerVar="CC" />
		</Unit>
		<Unit filename="..\..\gst\gl\effects\gstgleffectscurves.h" />
		<Unit filename="..\..\gst\gl\effects\gstgleffectsin.c">
			<Option compilerVar="CC" />
		</Unit>
		<Unit filename="..\..\gst\gl\effects\gstgleffectsquare.c">
			<Option compilerVar="CC" />
		</Unit>
		<Unit filename="..\..\gst\gl\effects\gstgleffectsqueeze.c">
			<Option compilerVar="CC" />
		</Unit>
		<Unit filename="..\..\gst\gl\effects\gstgleffectssources.c">
			<Option compilerVar="CC" />
		</Unit>
		<Unit filename="..\..\gst\gl\effects\gstgleffectssources.h" />
		<Unit filename="..\..\gst\gl\effects\gstgleffectstretch.c">
			<Option compilerVar="CC" />
		</Unit>
		<Unit filename="..\..\gst\gl\effects\gstgleffecttunnel.c">
			<Option compilerVar="CC" />
		</Unit>
		<Unit filename="..\..\gst\gl\effects\gstgleffecttwirl.c">
			<Option compilerVar="CC" />
		</Unit>
		<Unit filename="..\..\gst\gl\effects\gstgleffectxray.c">
			<Option compilerVar="CC" />
		</Unit>
		<Unit filename="..\..\gst\gl\gltestsrc.c">
			<Option compilerVar="CC" />
		</Unit>
		<Unit filename="..\..\gst\gl\gltestsrc.h" />
		<Unit filename="..\..\gst\gl\gstglbumper.c">
			<Option compilerVar="CC" />
		</Unit>
		<Unit filename="..\..\gst\gl\gstglbumper.h" />
		<Unit filename="..\..\gst\gl\gstglcolorscale.c">
			<Option compilerVar="CC" />
		</Unit>
		<Unit filename="..\..\gst\gl\gstglcolorscale.h" />
		<Unit filename="..\..\gst\gl\gstgldifferencematte.c">
			<Option compilerVar="CC" />
		</Unit>
		<Unit filename="..\..\gst\gl\gstgldownload.c">
			<Option compilerVar="CC" />
		</Unit>
		<Unit filename="..\..\gst\gl\gstgldownload.h" />
		<Unit filename="..\..\gst\gl\gstgleffects.c">
			<Option compilerVar="CC" />
		</Unit>
		<Unit filename="..\..\gst\gl\gstgleffects.h" />
		<Unit filename="..\..\gst\gl\gstglfilterapp.c">
			<Option compilerVar="CC" />
		</Unit>
		<Unit filename="..\..\gst\gl\gstglfilterapp.h" />
		<Unit filename="..\..\gst\gl\gstglfilterblur.c">
			<Option compilerVar="CC" />
		</Unit>
		<Unit filename="..\..\gst\gl\gstglfiltercube.c">
			<Option compilerVar="CC" />
		</Unit>
		<Unit filename="..\..\gst\gl\gstglfiltercube.h" />
		<Unit filename="..\..\gst\gl\gstglfilterglass.c">
			<Option compilerVar="CC" />
		</Unit>
		<Unit filename="..\..\gst\gl\gstglfilterglass.h" />
		<Unit filename="..\..\gst\gl\gstglfilterlaplacian.c">
			<Option compilerVar="CC" />
		</Unit>
		<Unit filename="..\..\gst\gl\gstglfilterlaplacian.h" />
		<Unit filename="..\..\gst\gl\gstglfiltersobel.c">
			<Option compilerVar="CC" />
		</Unit>
		<Unit filename="..\..\gst\gl\gstglimagesink.c">
			<Option compilerVar="CC" />
		</Unit>
		<Unit filename="..\..\gst\gl\gstglimagesink.h" />
		<Unit filename="..\..\gst\gl\gstgloverlay.c">
			<Option compilerVar="CC" />
		</Unit>
		<Unit filename="..\..\gst\gl\gstgltestsrc.c">
			<Option compilerVar="CC" />
		</Unit>
		<Unit filename="..\..\gst\gl\gstgltestsrc.h" />
		<Unit filename="..\..\gst\gl\gstglupload.c">
			<Option compilerVar="CC" />
		</Unit>
		<Unit filename="..\..\gst\gl\gstglupload.h" />
		<Unit filename="..\..\gst\gl\gstopengl.c">
			<Option compilerVar="CC" />
		</Unit>
		<Extensions>
			<code_completion />
			<debugger />
		</Extensions>
	</Project>
</CodeBlocks_project_file>
