<?xml version="1.0" encoding="UTF-8" standalone="yes" ?>
<CodeBlocks_project_file>
	<FileVersion major="1" minor="6" />
	<Project>
		<Option title="gstopengl" />
		<Option pch_mode="2" />
		<Option compiler="gcc" />
		<Build>
			<Target title="Debug">
				<Option output="bin/Debug/libgstopengl" prefix_auto="1" extension_auto="1" />
				<Option object_output="obj/Debug/" />
				<Option type="3" />
				<Option compiler="gcc" />
				<Option parameters="videotestsrc num_buffers=200 ! glimagesink" />
				<Option host_application="gst-launch-0.10" />
				<Option createDefFile="1" />
				<Option createStaticLib="1" />
				<Compiler>
					<Add option="-Wall" />
					<Add option="-g" />
				</Compiler>
			</Target>
			<Target title="Release">
				<Option output="bin/Release/libgstopengl" prefix_auto="1" extension_auto="1" />
				<Option object_output="obj/Release/" />
				<Option type="3" />
				<Option compiler="gcc" />
				<Option createDefFile="1" />
				<Option createStaticLib="1" />
				<Compiler>
					<Add option="-O2" />
				</Compiler>
				<Linker>
					<Add option="-s" />
				</Linker>
			</Target>
		</Build>
		<Compiler>
			<Add option="-Wall" />
			<Add option="-g" />
			<Add option="-DHAVE_CONFIG_H" />
			<Add directory="/usr/lib/glib-2.0/include" />
			<Add directory="/usr/include/glib-2.0" />
			<Add directory="/usr/include/libxml2" />
			<Add directory="/usr/include/gstreamer-0.10" />
			<Add directory="../../../gst-libs/gst/freeglut" />
			<Add directory="../../../gst-libs/gst/gl" />
			<Add directory="../../../gst/gl" />
			<Add directory="../../.." />
		</Compiler>
		<Linker>
			<Add library="glib-2.0" />
			<Add library="gmodule-2.0" />
			<Add library="gobject-2.0" />
			<Add library="gthread-2.0" />
			<Add library="gstreamer-0.10" />
			<Add library="gstbase-0.10" />
			<Add library="gstvideo-0.10" />
			<Add library="gstinterfaces-0.10" />
			<Add library="GLEW" />
			<Add library="GLU" />
			<Add library="GL" />
		</Linker>
		<Unit filename="../../../gst-libs/gst/freeglut/freeglut_callbacks.c">
			<Option compilerVar="CC" />
		</Unit>
		<Unit filename="../../../gst-libs/gst/freeglut/freeglut_display.c">
			<Option compilerVar="CC" />
		</Unit>
		<Unit filename="../../../gst-libs/gst/freeglut/freeglut_ext.h" />
		<Unit filename="../../../gst-libs/gst/freeglut/freeglut_init.c">
			<Option compilerVar="CC" />
		</Unit>
		<Unit filename="../../../gst-libs/gst/freeglut/freeglut_internal.h" />
		<Unit filename="../../../gst-libs/gst/freeglut/freeglut_main.c">
			<Option compilerVar="CC" />
		</Unit>
		<Unit filename="../../../gst-libs/gst/freeglut/freeglut_state.c">
			<Option compilerVar="CC" />
		</Unit>
		<Unit filename="../../../gst-libs/gst/freeglut/freeglut_std.h" />
		<Unit filename="../../../gst-libs/gst/freeglut/freeglut_structure.c">
			<Option compilerVar="CC" />
		</Unit>
		<Unit filename="../../../gst-libs/gst/freeglut/freeglut_window.c">
			<Option compilerVar="CC" />
		</Unit>
		<Unit filename="../../../gst-libs/gst/freeglut/gstfreeglut.h" />
		<Unit filename="../../../gst-libs/gst/gl/gstglbuffer.c">
			<Option compilerVar="CC" />
		</Unit>
		<Unit filename="../../../gst-libs/gst/gl/gstglbuffer.h" />
		<Unit filename="../../../gst-libs/gst/gl/gstgldisplay.c">
			<Option compilerVar="CC" />
		</Unit>
		<Unit filename="../../../gst-libs/gst/gl/gstgldisplay.h" />
		<Unit filename="../../../gst-libs/gst/gl/gstglfilter.c">
			<Option compilerVar="CC" />
		</Unit>
		<Unit filename="../../../gst-libs/gst/gl/gstglfilter.h" />
		<Unit filename="../../../gst/gl/gltestsrc.c">
			<Option compilerVar="CC" />
		</Unit>
		<Unit filename="../../../gst/gl/gltestsrc.h" />
		<Unit filename="../../../gst/gl/gstglcolorscale.c">
			<Option compilerVar="CC" />
		</Unit>
		<Unit filename="../../../gst/gl/gstglcolorscale.h" />
		<Unit filename="../../../gst/gl/gstgldownload.c">
			<Option compilerVar="CC" />
		</Unit>
		<Unit filename="../../../gst/gl/gstgldownload.h" />
		<Unit filename="../../../gst/gl/gstglfilterapp.c">
			<Option compilerVar="CC" />
		</Unit>
		<Unit filename="../../../gst/gl/gstglfilterapp.h" />
		<Unit filename="../../../gst/gl/gstglfiltercube.c">
			<Option compilerVar="CC" />
		</Unit>
		<Unit filename="../../../gst/gl/gstglfiltercube.h" />
		<Unit filename="../../../gst/gl/gstglfilteredge.c">
			<Option compilerVar="CC" />
		</Unit>
		<Unit filename="../../../gst/gl/gstglfilteredge.h" />
		<Unit filename="../../../gst/gl/gstglimagesink.c">
			<Option compilerVar="CC" />
		</Unit>
		<Unit filename="../../../gst/gl/gstglimagesink.h" />
		<Unit filename="../../../gst/gl/gstgltestsrc.c">
			<Option compilerVar="CC" />
		</Unit>
		<Unit filename="../../../gst/gl/gstgltestsrc.h" />
		<Unit filename="../../../gst/gl/gstglupload.c">
			<Option compilerVar="CC" />
		</Unit>
		<Unit filename="../../../gst/gl/gstglupload.h" />
		<Unit filename="../../../gst/gl/gstopengl.c">
			<Option compilerVar="CC" />
		</Unit>
		<Extensions>
			<code_completion />
			<envvars />
			<lib_finder disable_auto="1" />
			<debugger />
			<wxsmith version="1">
				<gui name="wxWidgets" src="" main="" init_handlers="necessary" language="CPP" />
			</wxsmith>
		</Extensions>
	</Project>
</CodeBlocks_project_file>
