<?xml version="1.0" encoding="UTF-8" standalone="yes" ?>
<CodeBlocks_project_file>
	<FileVersion major="1" minor="6" />
	<Project>
		<Option title="gstopengl" />
		<Option pch_mode="2" />
		<Option compiler="gcc" />
		<Build>
			<Target title="Debug">
				<Option output="bin/Debug/libgstopengl" prefix_auto="1" extension_auto="1" />
				<Option object_output="obj/Debug/" />
				<Option type="3" />
				<Option compiler="gcc" />
				<Option parameters="videotestsrc ! tee name=t t. ! queue ! glimagesink t. ! queue ! glimagesink" />
				<Option host_application="gst-launch-0.10" />
				<Option createDefFile="1" />
				<Option createStaticLib="1" />
				<Compiler>
					<Add option="-Wall" />
					<Add option="-g" />
				</Compiler>
			</Target>
			<Target title="Release">
				<Option output="bin/Release/libgstopengl" prefix_auto="1" extension_auto="1" />
				<Option object_output="obj/Release/" />
				<Option type="3" />
				<Option compiler="gcc" />
				<Option createDefFile="1" />
				<Option createStaticLib="1" />
				<Compiler>
					<Add option="-O2" />
				</Compiler>
				<Linker>
					<Add option="-s" />
				</Linker>
			</Target>
		</Build>
		<Compiler>
			<Add option="-Wall" />
			<Add option="-g" />
			<Add option="-DHAVE_CONFIG_H" />
			<Add directory="/usr/lib/glib-2.0/include" />
			<Add directory="/usr/include/glib-2.0" />
			<Add directory="/usr/include/libxml2" />
			<Add directory="/usr/include/gstreamer-0.10" />
			<Add directory="/usr/local/include/gstreamer-0.10" />
			<Add directory="../../../gst-libs/gst/freeglut" />
			<Add directory="../../../gst-libs/gst/gl" />
			<Add directory="../../../gst/gl" />
			<Add directory="../../.." />
			<Add directory="../../../gst/gl/effects" />
			<Add directory="/usr/include/gtk-2.0" />
			<Add directory="../../../gst-libs" />
		</Compiler>
		<Linker>
			<Add library="glib-2.0" />
			<Add library="gdk_pixbuf-2.0" />
			<Add library="gobject-2.0" />
			<Add library="gthread-2.0" />
			<Add library="gstreamer-0.10" />
			<Add library="gstbase-0.10" />
			<Add library="gstvideo-0.10" />
			<Add library="gstinterfaces-0.10" />
			<Add library="GLEW" />
			<Add library="GLU" />
			<Add library="GL" />
		</Linker>
		<Unit filename="../../../gst-libs/gst/gettext.h" />
		<Unit filename="../../../gst-libs/gst/gl/gstglbuffer.c">
			<Option compilerVar="CC" />
		</Unit>
		<Unit filename="../../../gst-libs/gst/gl/gstglbuffer.h" />
		<Unit filename="../../../gst-libs/gst/gl/gstgldisplay.c">
			<Option compilerVar="CC" />
		</Unit>
		<Unit filename="../../../gst-libs/gst/gl/gstgldisplay.h" />
		<Unit filename="../../../gst-libs/gst/gl/gstglfilter.c">
			<Option compilerVar="CC" />
		</Unit>
		<Unit filename="../../../gst-libs/gst/gl/gstglfilter.h" />
		<Unit filename="../../../gst-libs/gst/gl/gstglshader.c">
			<Option compilerVar="CC" />
		</Unit>
		<Unit filename="../../../gst-libs/gst/gl/gstglshader.h" />
		<Unit filename="../../../gst-libs/gst/gl/gstglwindow.h" />
		<Unit filename="../../../gst-libs/gst/gl/gstglwindow_x11.c">
			<Option compilerVar="CC" />
		</Unit>
		<Unit filename="../../../gst-libs/gst/gst-i18n-plugin.h" />
		<Unit filename="../../../gst/gl/effects/gstgleffectbulge.c">
			<Option compilerVar="CC" />
		</Unit>
		<Unit filename="../../../gst/gl/effects/gstgleffectfisheye.c">
			<Option compilerVar="CC" />
		</Unit>
		<Unit filename="../../../gst/gl/effects/gstgleffectglow.c">
			<Option compilerVar="CC" />
		</Unit>
		<Unit filename="../../../gst/gl/effects/gstgleffectidentity.c">
			<Option compilerVar="CC" />
		</Unit>
		<Unit filename="../../../gst/gl/effects/gstgleffectlumatocurve.c">
			<Option compilerVar="CC" />
		</Unit>
		<Unit filename="../../../gst/gl/effects/gstgleffectlumatocurve.h" />
		<Unit filename="../../../gst/gl/effects/gstgleffectmirror.c">
			<Option compilerVar="CC" />
		</Unit>
		<Unit filename="../../../gst/gl/effects/gstgleffectrgbtocurve.c">
			<Option compilerVar="CC" />
		</Unit>
		<Unit filename="../../../gst/gl/effects/gstgleffectscurves.h" />
		<Unit filename="../../../gst/gl/effects/gstgleffectsin.c">
			<Option compilerVar="CC" />
		</Unit>
		<Unit filename="../../../gst/gl/effects/gstgleffectsquare.c">
			<Option compilerVar="CC" />
		</Unit>
		<Unit filename="../../../gst/gl/effects/gstgleffectsqueeze.c">
			<Option compilerVar="CC" />
		</Unit>
		<Unit filename="../../../gst/gl/effects/gstgleffectssources.c">
			<Option compilerVar="CC" />
		</Unit>
		<Unit filename="../../../gst/gl/effects/gstgleffectssources.h" />
		<Unit filename="../../../gst/gl/effects/gstgleffectstretch.c">
			<Option compilerVar="CC" />
		</Unit>
		<Unit filename="../../../gst/gl/effects/gstgleffecttunnel.c">
			<Option compilerVar="CC" />
		</Unit>
		<Unit filename="../../../gst/gl/effects/gstgleffecttwirl.c">
			<Option compilerVar="CC" />
		</Unit>
		<Unit filename="../../../gst/gl/effects/gstgleffectxray.c">
			<Option compilerVar="CC" />
		</Unit>
		<Unit filename="../../../gst/gl/gltestsrc.c">
			<Option compilerVar="CC" />
		</Unit>
		<Unit filename="../../../gst/gl/gltestsrc.h" />
		<Unit filename="../../../gst/gl/gstglbumper.c">
			<Option compilerVar="CC" />
		</Unit>
		<Unit filename="../../../gst/gl/gstglbumper.h" />
		<Unit filename="../../../gst/gl/gstglcolorscale.c">
			<Option compilerVar="CC" />
		</Unit>
		<Unit filename="../../../gst/gl/gstglcolorscale.h" />
		<Unit filename="../../../gst/gl/gstgldifferencematte.c">
			<Option compilerVar="CC" />
		</Unit>
		<Unit filename="../../../gst/gl/gstgldownload.c">
			<Option compilerVar="CC" />
		</Unit>
		<Unit filename="../../../gst/gl/gstgldownload.h" />
		<Unit filename="../../../gst/gl/gstgleffects.c">
			<Option compilerVar="CC" />
		</Unit>
		<Unit filename="../../../gst/gl/gstgleffects.h" />
		<Unit filename="../../../gst/gl/gstglfilterapp.c">
			<Option compilerVar="CC" />
		</Unit>
		<Unit filename="../../../gst/gl/gstglfilterapp.h" />
		<Unit filename="../../../gst/gl/gstglfilterblur.c">
			<Option compilerVar="CC" />
		</Unit>
		<Unit filename="../../../gst/gl/gstglfiltercube.c">
			<Option compilerVar="CC" />
		</Unit>
		<Unit filename="../../../gst/gl/gstglfiltercube.h" />
		<Unit filename="../../../gst/gl/gstglfilterglass.c">
			<Option compilerVar="CC" />
		</Unit>
		<Unit filename="../../../gst/gl/gstglfilterglass.h" />
		<Unit filename="../../../gst/gl/gstglfilterlaplacian.c">
			<Option compilerVar="CC" />
		</Unit>
		<Unit filename="../../../gst/gl/gstglfilterlaplacian.h" />
		<Unit filename="../../../gst/gl/gstglfiltersobel.c">
			<Option compilerVar="CC" />
		</Unit>
		<Unit filename="../../../gst/gl/gstglimagesink.c">
			<Option compilerVar="CC" />
		</Unit>
		<Unit filename="../../../gst/gl/gstglimagesink.h" />
		<Unit filename="../../../gst/gl/gstgloverlay.c">
			<Option compilerVar="CC" />
		</Unit>
		<Unit filename="../../../gst/gl/gstgltestsrc.c">
			<Option compilerVar="CC" />
		</Unit>
		<Unit filename="../../../gst/gl/gstgltestsrc.h" />
		<Unit filename="../../../gst/gl/gstglupload.c">
			<Option compilerVar="CC" />
		</Unit>
		<Unit filename="../../../gst/gl/gstglupload.h" />
		<Unit filename="../../../gst/gl/gstopengl.c">
			<Option compilerVar="CC" />
		</Unit>
		<Extensions>
			<code_completion />
			<envvars />
			<lib_finder disable_auto="1" />
			<debugger />
			<wxsmith version="1">
				<gui name="wxWidgets" src="" main="" init_handlers="necessary" language="CPP" />
			</wxsmith>
		</Extensions>
	</Project>
</CodeBlocks_project_file>
